
Microsoft Visual Studio Solution File, Format Version 12.00
# Visual Studio Version 17
VisualStudioVersion = 17.11.35327.3
MinimumVisualStudioVersion = 10.0.40219.1
Project("{FAE04EC0-301F-11D3-BF4B-00C04F79EFBC}") = "TingenLieutenant", "TingenLieutenant.csproj", "{A14F9939-83A2-46C0-A4E3-9CE11B9F31D5}"
EndProject
Global
	GlobalSection(SolutionConfigurationPlatforms) = preSolution
		Debug|Any CPU = Debug|Any CPU
		Release|Any CPU = Release|Any CPU
	EndGlobalSection
	GlobalSection(ProjectConfigurationPlatforms) = postSolution
		{A14F9939-83A2-46C0-A4E3-9CE11B9F31D5}.Debug|Any CPU.ActiveCfg = Debug|Any CPU
		{A14F9939-83A2-46C0-A4E3-9CE11B9F31D5}.Debug|Any CPU.Build.0 = Debug|Any CPU
		{A14F9939-83A2-46C0-A4E3-9CE11B9F31D5}.Release|Any CPU.ActiveCfg = Release|Any CPU
		{A14F9939-83A2-46C0-A4E3-9CE11B9F31D5}.Release|Any CPU.Build.0 = Release|Any CPU
	EndGlobalSection
	GlobalSection(SolutionProperties) = preSolution
		HideSolutionNode = FALSE
	EndGlobalSection
	GlobalSection(ExtensibilityGlobals) = postSolution
		SolutionGuid = {26666000-DB3B-4C00-A03D-EF1C7C4DB2EC}
	EndGlobalSection
EndGlobal
